
Microsoft Visual Studio Solution File, Format Version 12.00
# Visual Studio Express 2012 for Windows Desktop
Project("{F184B08F-C81C-45F6-A57F-5ABD9991F28F}") = "rps", "rps\rps.vbproj", "{1E64E9C7-3469-4727-B73F-9B523A9F0521}"
EndProject
Global
	GlobalSection(SolutionConfigurationPlatforms) = preSolution
		Debug|Any CPU = Debug|Any CPU
		Release|Any CPU = Release|Any CPU
	EndGlobalSection
	GlobalSection(ProjectConfigurationPlatforms) = postSolution
		{1E64E9C7-3469-4727-B73F-9B523A9F0521}.Debug|Any CPU.ActiveCfg = Debug|Any CPU
		{1E64E9C7-3469-4727-B73F-9B523A9F0521}.Debug|Any CPU.Build.0 = Debug|Any CPU
		{1E64E9C7-3469-4727-B73F-9B523A9F0521}.Release|Any CPU.ActiveCfg = Release|Any CPU
		{1E64E9C7-3469-4727-B73F-9B523A9F0521}.Release|Any CPU.Build.0 = Release|Any CPU
	EndGlobalSection
	GlobalSection(SolutionProperties) = preSolution
		HideSolutionNode = FALSE
	EndGlobalSection
EndGlobal
